
Microsoft Visual Studio Solution File, Format Version 12.00
# Visual Studio 14
VisualStudioVersion = 14.0.25123.0
MinimumVisualStudioVersion = 10.0.40219.1
Project("{FAE04EC0-301F-11D3-BF4B-00C04F79EFBC}") = "QuickFix", "QuickFIXn\QuickFix.csproj", "{D67079DA-6C49-48B2-93AB-1C3E879F5A0B}"
EndProject
Project("{FAE04EC0-301F-11D3-BF4B-00C04F79EFBC}") = "UnitTests", "UnitTests\UnitTests.csproj", "{186A72D8-5A70-4DD0-BABF-E3BB3BA9F419}"
	ProjectSection(ProjectDependencies) = postProject
		{D67079DA-6C49-48B2-93AB-1C3E879F5A0B} = {D67079DA-6C49-48B2-93AB-1C3E879F5A0B}
	EndProjectSection
EndProject
Project("{FAE04EC0-301F-11D3-BF4B-00C04F79EFBC}") = "AcceptanceTest", "AcceptanceTest\AcceptanceTest.csproj", "{B02EAF78-6335-4996-BB98-3121A4B6B0B2}"
EndProject
Project("{FAE04EC0-301F-11D3-BF4B-00C04F79EFBC}") = "Examples.TradeClient", "Examples\TradeClient\Examples.TradeClient.csproj", "{592C4909-1D3E-41C9-B6F9-505C770533A2}"
EndProject
Project("{FAE04EC0-301F-11D3-BF4B-00C04F79EFBC}") = "Examples.Executor", "Examples\Executor\Examples.Executor.csproj", "{ADF1BD8E-6149-4D77-89E0-B2B775248139}"
EndProject
Project("{FAE04EC0-301F-11D3-BF4B-00C04F79EFBC}") = "Examples.SimpleAcceptor", "Examples\SimpleAcceptor\Examples.SimpleAcceptor.csproj", "{59FC3768-2D8E-4CD2-88B8-C3972BA3ACA8}"
EndProject
Project("{FAE04EC0-301F-11D3-BF4B-00C04F79EFBC}") = "QuickFix.FIX.4.4", "QuickFIXn\Message\FIX44\QuickFix.FIX.4.4.csproj", "{D464771A-EFE2-450D-B880-68D3CF55926D}"
EndProject
Project("{FAE04EC0-301F-11D3-BF4B-00C04F79EFBC}") = "QuickFix.FIX.4.3", "QuickFIXn\Message\FIX43\QuickFix.FIX.4.3.csproj", "{552C0168-920C-41FC-8050-A827E3EEB69D}"
EndProject
Project("{FAE04EC0-301F-11D3-BF4B-00C04F79EFBC}") = "QuickFix.FIX.4.2", "QuickFIXn\Message\FIX42\QuickFix.FIX.4.2.csproj", "{E20F3169-7220-4F09-8F98-233CE02DF4E9}"
EndProject
Project("{FAE04EC0-301F-11D3-BF4B-00C04F79EFBC}") = "QuickFix.FIX.4.1", "QuickFIXn\Message\FIX41\QuickFix.FIX.4.1.csproj", "{37B9AB56-3795-41C0-87D3-C8B10E92BA14}"
EndProject
Project("{FAE04EC0-301F-11D3-BF4B-00C04F79EFBC}") = "QuickFix.FIX.4.0", "QuickFIXn\Message\FIX40\QuickFix.FIX.4.0.csproj", "{899D4FEC-6A3F-4037-8989-DA9EB6BBFDC6}"
EndProject
Project("{FAE04EC0-301F-11D3-BF4B-00C04F79EFBC}") = "QuickFix.FIX.5.0", "QuickFIXn\Message\FIX50\QuickFix.FIX.5.0.csproj", "{E84E6A79-39BA-472F-A64A-BF90C2045074}"
EndProject
Global
	GlobalSection(SolutionConfigurationPlatforms) = preSolution
		Debug|Any CPU = Debug|Any CPU
		Debug|x86 = Debug|x86
		Release|Any CPU = Release|Any CPU
		Release|x86 = Release|x86
	EndGlobalSection
	GlobalSection(ProjectConfigurationPlatforms) = postSolution
		{D67079DA-6C49-48B2-93AB-1C3E879F5A0B}.Debug|Any CPU.ActiveCfg = Debug|Any CPU
		{D67079DA-6C49-48B2-93AB-1C3E879F5A0B}.Debug|Any CPU.Build.0 = Debug|Any CPU
		{D67079DA-6C49-48B2-93AB-1C3E879F5A0B}.Debug|x86.ActiveCfg = Debug|Any CPU
		{D67079DA-6C49-48B2-93AB-1C3E879F5A0B}.Debug|x86.Build.0 = Debug|Any CPU
		{D67079DA-6C49-48B2-93AB-1C3E879F5A0B}.Release|Any CPU.ActiveCfg = Release|Any CPU
		{D67079DA-6C49-48B2-93AB-1C3E879F5A0B}.Release|Any CPU.Build.0 = Release|Any CPU
		{D67079DA-6C49-48B2-93AB-1C3E879F5A0B}.Release|x86.ActiveCfg = Release|Any CPU
		{D67079DA-6C49-48B2-93AB-1C3E879F5A0B}.Release|x86.Build.0 = Release|Any CPU
		{186A72D8-5A70-4DD0-BABF-E3BB3BA9F419}.Debug|Any CPU.ActiveCfg = Debug|Any CPU
		{186A72D8-5A70-4DD0-BABF-E3BB3BA9F419}.Debug|Any CPU.Build.0 = Debug|Any CPU
		{186A72D8-5A70-4DD0-BABF-E3BB3BA9F419}.Debug|x86.ActiveCfg = Debug|Any CPU
		{186A72D8-5A70-4DD0-BABF-E3BB3BA9F419}.Debug|x86.Build.0 = Debug|Any CPU
		{186A72D8-5A70-4DD0-BABF-E3BB3BA9F419}.Release|Any CPU.ActiveCfg = Release|Any CPU
		{186A72D8-5A70-4DD0-BABF-E3BB3BA9F419}.Release|Any CPU.Build.0 = Release|Any CPU
		{186A72D8-5A70-4DD0-BABF-E3BB3BA9F419}.Release|x86.ActiveCfg = Release|Any CPU
		{186A72D8-5A70-4DD0-BABF-E3BB3BA9F419}.Release|x86.Build.0 = Release|Any CPU
		{B02EAF78-6335-4996-BB98-3121A4B6B0B2}.Debug|Any CPU.ActiveCfg = Debug|Any CPU
		{B02EAF78-6335-4996-BB98-3121A4B6B0B2}.Debug|Any CPU.Build.0 = Debug|Any CPU
		{B02EAF78-6335-4996-BB98-3121A4B6B0B2}.Debug|x86.ActiveCfg = Debug|Any CPU
		{B02EAF78-6335-4996-BB98-3121A4B6B0B2}.Debug|x86.Build.0 = Debug|Any CPU
		{B02EAF78-6335-4996-BB98-3121A4B6B0B2}.Release|Any CPU.ActiveCfg = Release|Any CPU
		{B02EAF78-6335-4996-BB98-3121A4B6B0B2}.Release|Any CPU.Build.0 = Release|Any CPU
		{B02EAF78-6335-4996-BB98-3121A4B6B0B2}.Release|x86.ActiveCfg = Release|Any CPU
		{B02EAF78-6335-4996-BB98-3121A4B6B0B2}.Release|x86.Build.0 = Release|Any CPU
		{592C4909-1D3E-41C9-B6F9-505C770533A2}.Debug|Any CPU.ActiveCfg = Debug|Any CPU
		{592C4909-1D3E-41C9-B6F9-505C770533A2}.Debug|Any CPU.Build.0 = Debug|Any CPU
		{592C4909-1D3E-41C9-B6F9-505C770533A2}.Debug|x86.ActiveCfg = Debug|Any CPU
		{592C4909-1D3E-41C9-B6F9-505C770533A2}.Debug|x86.Build.0 = Debug|Any CPU
		{592C4909-1D3E-41C9-B6F9-505C770533A2}.Release|Any CPU.ActiveCfg = Release|Any CPU
		{592C4909-1D3E-41C9-B6F9-505C770533A2}.Release|Any CPU.Build.0 = Release|Any CPU
		{592C4909-1D3E-41C9-B6F9-505C770533A2}.Release|x86.ActiveCfg = Release|Any CPU
		{592C4909-1D3E-41C9-B6F9-505C770533A2}.Release|x86.Build.0 = Release|Any CPU
		{ADF1BD8E-6149-4D77-89E0-B2B775248139}.Debug|Any CPU.ActiveCfg = Debug|Any CPU
		{ADF1BD8E-6149-4D77-89E0-B2B775248139}.Debug|Any CPU.Build.0 = Debug|Any CPU
		{ADF1BD8E-6149-4D77-89E0-B2B775248139}.Debug|x86.ActiveCfg = Debug|Any CPU
		{ADF1BD8E-6149-4D77-89E0-B2B775248139}.Debug|x86.Build.0 = Debug|Any CPU
		{ADF1BD8E-6149-4D77-89E0-B2B775248139}.Release|Any CPU.ActiveCfg = Release|Any CPU
		{ADF1BD8E-6149-4D77-89E0-B2B775248139}.Release|Any CPU.Build.0 = Release|Any CPU
		{ADF1BD8E-6149-4D77-89E0-B2B775248139}.Release|x86.ActiveCfg = Release|Any CPU
		{ADF1BD8E-6149-4D77-89E0-B2B775248139}.Release|x86.Build.0 = Release|Any CPU
		{59FC3768-2D8E-4CD2-88B8-C3972BA3ACA8}.Debug|Any CPU.ActiveCfg = Debug|Any CPU
		{59FC3768-2D8E-4CD2-88B8-C3972BA3ACA8}.Debug|Any CPU.Build.0 = Debug|Any CPU
		{59FC3768-2D8E-4CD2-88B8-C3972BA3ACA8}.Debug|x86.ActiveCfg = Debug|Any CPU
		{59FC3768-2D8E-4CD2-88B8-C3972BA3ACA8}.Debug|x86.Build.0 = Debug|Any CPU
		{59FC3768-2D8E-4CD2-88B8-C3972BA3ACA8}.Release|Any CPU.ActiveCfg = Release|Any CPU
		{59FC3768-2D8E-4CD2-88B8-C3972BA3ACA8}.Release|Any CPU.Build.0 = Release|Any CPU
		{59FC3768-2D8E-4CD2-88B8-C3972BA3ACA8}.Release|x86.ActiveCfg = Release|Any CPU
		{59FC3768-2D8E-4CD2-88B8-C3972BA3ACA8}.Release|x86.Build.0 = Release|Any CPU
		{D464771A-EFE2-450D-B880-68D3CF55926D}.Debug|Any CPU.ActiveCfg = Debug|Any CPU
		{D464771A-EFE2-450D-B880-68D3CF55926D}.Debug|Any CPU.Build.0 = Debug|Any CPU
		{D464771A-EFE2-450D-B880-68D3CF55926D}.Debug|x86.ActiveCfg = Debug|Any CPU
		{D464771A-EFE2-450D-B880-68D3CF55926D}.Debug|x86.Build.0 = Debug|Any CPU
		{D464771A-EFE2-450D-B880-68D3CF55926D}.Release|Any CPU.ActiveCfg = Release|Any CPU
		{D464771A-EFE2-450D-B880-68D3CF55926D}.Release|Any CPU.Build.0 = Release|Any CPU
		{D464771A-EFE2-450D-B880-68D3CF55926D}.Release|x86.ActiveCfg = Release|Any CPU
		{D464771A-EFE2-450D-B880-68D3CF55926D}.Release|x86.Build.0 = Release|Any CPU
		{552C0168-920C-41FC-8050-A827E3EEB69D}.Debug|Any CPU.ActiveCfg = Debug|Any CPU
		{552C0168-920C-41FC-8050-A827E3EEB69D}.Debug|Any CPU.Build.0 = Debug|Any CPU
		{552C0168-920C-41FC-8050-A827E3EEB69D}.Debug|x86.ActiveCfg = Debug|Any CPU
		{552C0168-920C-41FC-8050-A827E3EEB69D}.Debug|x86.Build.0 = Debug|Any CPU
		{552C0168-920C-41FC-8050-A827E3EEB69D}.Release|Any CPU.ActiveCfg = Release|Any CPU
		{552C0168-920C-41FC-8050-A827E3EEB69D}.Release|Any CPU.Build.0 = Release|Any CPU
		{552C0168-920C-41FC-8050-A827E3EEB69D}.Release|x86.ActiveCfg = Release|Any CPU
		{552C0168-920C-41FC-8050-A827E3EEB69D}.Release|x86.Build.0 = Release|Any CPU
		{E20F3169-7220-4F09-8F98-233CE02DF4E9}.Debug|Any CPU.ActiveCfg = Debug|Any CPU
		{E20F3169-7220-4F09-8F98-233CE02DF4E9}.Debug|Any CPU.Build.0 = Debug|Any CPU
		{E20F3169-7220-4F09-8F98-233CE02DF4E9}.Debug|x86.ActiveCfg = Debug|Any CPU
		{E20F3169-7220-4F09-8F98-233CE02DF4E9}.Debug|x86.Build.0 = Debug|Any CPU
		{E20F3169-7220-4F09-8F98-233CE02DF4E9}.Release|Any CPU.ActiveCfg = Release|Any CPU
		{E20F3169-7220-4F09-8F98-233CE02DF4E9}.Release|Any CPU.Build.0 = Release|Any CPU
		{E20F3169-7220-4F09-8F98-233CE02DF4E9}.Release|x86.ActiveCfg = Release|Any CPU
		{E20F3169-7220-4F09-8F98-233CE02DF4E9}.Release|x86.Build.0 = Release|Any CPU
		{37B9AB56-3795-41C0-87D3-C8B10E92BA14}.Debug|Any CPU.ActiveCfg = Debug|Any CPU
		{37B9AB56-3795-41C0-87D3-C8B10E92BA14}.Debug|Any CPU.Build.0 = Debug|Any CPU
		{37B9AB56-3795-41C0-87D3-C8B10E92BA14}.Debug|x86.ActiveCfg = Debug|Any CPU
		{37B9AB56-3795-41C0-87D3-C8B10E92BA14}.Debug|x86.Build.0 = Debug|Any CPU
		{37B9AB56-3795-41C0-87D3-C8B10E92BA14}.Release|Any CPU.ActiveCfg = Release|Any CPU
		{37B9AB56-3795-41C0-87D3-C8B10E92BA14}.Release|Any CPU.Build.0 = Release|Any CPU
		{37B9AB56-3795-41C0-87D3-C8B10E92BA14}.Release|x86.ActiveCfg = Release|Any CPU
		{37B9AB56-3795-41C0-87D3-C8B10E92BA14}.Release|x86.Build.0 = Release|Any CPU
		{899D4FEC-6A3F-4037-8989-DA9EB6BBFDC6}.Debug|Any CPU.ActiveCfg = Debug|Any CPU
		{899D4FEC-6A3F-4037-8989-DA9EB6BBFDC6}.Debug|Any CPU.Build.0 = Debug|Any CPU
		{899D4FEC-6A3F-4037-8989-DA9EB6BBFDC6}.Debug|x86.ActiveCfg = Debug|Any CPU
		{899D4FEC-6A3F-4037-8989-DA9EB6BBFDC6}.Debug|x86.Build.0 = Debug|Any CPU
		{899D4FEC-6A3F-4037-8989-DA9EB6BBFDC6}.Release|Any CPU.ActiveCfg = Release|Any CPU
		{899D4FEC-6A3F-4037-8989-DA9EB6BBFDC6}.Release|Any CPU.Build.0 = Release|Any CPU
		{899D4FEC-6A3F-4037-8989-DA9EB6BBFDC6}.Release|x86.ActiveCfg = Release|Any CPU
		{899D4FEC-6A3F-4037-8989-DA9EB6BBFDC6}.Release|x86.Build.0 = Release|Any CPU
		{E84E6A79-39BA-472F-A64A-BF90C2045074}.Debug|Any CPU.ActiveCfg = Debug|Any CPU
		{E84E6A79-39BA-472F-A64A-BF90C2045074}.Debug|Any CPU.Build.0 = Debug|Any CPU
		{E84E6A79-39BA-472F-A64A-BF90C2045074}.Debug|x86.ActiveCfg = Debug|Any CPU
		{E84E6A79-39BA-472F-A64A-BF90C2045074}.Debug|x86.Build.0 = Debug|Any CPU
		{E84E6A79-39BA-472F-A64A-BF90C2045074}.Release|Any CPU.ActiveCfg = Release|Any CPU
		{E84E6A79-39BA-472F-A64A-BF90C2045074}.Release|Any CPU.Build.0 = Release|Any CPU
		{E84E6A79-39BA-472F-A64A-BF90C2045074}.Release|x86.ActiveCfg = Release|Any CPU
		{E84E6A79-39BA-472F-A64A-BF90C2045074}.Release|x86.Build.0 = Release|Any CPU
	EndGlobalSection
	GlobalSection(SolutionProperties) = preSolution
		HideSolutionNode = FALSE
	EndGlobalSection
EndGlobal
